// !$*UTF8*$!
{
	archiveVersion = 1;
	classes = {
	};
	objectVersion = 56;
	objects = {

/* Begin PBXBuildFile section */
		7BC3545A2C2BF0500050EB72 /* Router.swift in Sources */ = {isa = PBXBuildFile; fileRef = 7BC354592C2BF0500050EB72 /* Router.swift */; };
		7BC3545F2C2BF22A0050EB72 /* OnboardView.swift in Sources */ = {isa = PBXBuildFile; fileRef = 7BC3545E2C2BF22A0050EB72 /* OnboardView.swift */; };
		7BC354632C2BF3B80050EB72 /* Image.swift in Sources */ = {isa = PBXBuildFile; fileRef = 7BC354622C2BF3B80050EB72 /* Image.swift */; };
		7BC354652C2BF54D0050EB72 /* Color.swift in Sources */ = {isa = PBXBuildFile; fileRef = 7BC354642C2BF54D0050EB72 /* Color.swift */; };
		7BC354692C2BF74A0050EB72 /* HomeService.swift in Sources */ = {isa = PBXBuildFile; fileRef = 7BC354682C2BF74A0050EB72 /* HomeService.swift */; };
		7BC3546C2C2C031B0050EB72 /* HomeService+Delegate.swift in Sources */ = {isa = PBXBuildFile; fileRef = 7BC3546B2C2C031B0050EB72 /* HomeService+Delegate.swift */; };
		D84F10DA2C27E52C00D8AAB9 /* Terra_Peregrini_RahasyaApp.swift in Sources */ = {isa = PBXBuildFile; fileRef = D84F10D92C27E52C00D8AAB9 /* Terra_Peregrini_RahasyaApp.swift */; };
		D84F10DE2C27E52D00D8AAB9 /* Assets.xcassets in Resources */ = {isa = PBXBuildFile; fileRef = D84F10DD2C27E52D00D8AAB9 /* Assets.xcassets */; };
		D84F10E12C27E52D00D8AAB9 /* Preview Assets.xcassets in Resources */ = {isa = PBXBuildFile; fileRef = D84F10E02C27E52D00D8AAB9 /* Preview Assets.xcassets */; };
		D84F10EC2C27F39700D8AAB9 /* SplashView.swift in Sources */ = {isa = PBXBuildFile; fileRef = D84F10EB2C27F39700D8AAB9 /* SplashView.swift */; };
/* End PBXBuildFile section */

/* Begin PBXFileReference section */
		7BC354592C2BF0500050EB72 /* Router.swift */ = {isa = PBXFileReference; lastKnownFileType = sourcecode.swift; path = Router.swift; sourceTree = "<group>"; };
		7BC3545E2C2BF22A0050EB72 /* OnboardView.swift */ = {isa = PBXFileReference; lastKnownFileType = sourcecode.swift; path = OnboardView.swift; sourceTree = "<group>"; };
		7BC354622C2BF3B80050EB72 /* Image.swift */ = {isa = PBXFileReference; lastKnownFileType = sourcecode.swift; path = Image.swift; sourceTree = "<group>"; };
		7BC354642C2BF54D0050EB72 /* Color.swift */ = {isa = PBXFileReference; lastKnownFileType = sourcecode.swift; path = Color.swift; sourceTree = "<group>"; };
		7BC354682C2BF74A0050EB72 /* HomeService.swift */ = {isa = PBXFileReference; lastKnownFileType = sourcecode.swift; path = HomeService.swift; sourceTree = "<group>"; };
		7BC3546A2C2BF83C0050EB72 /* Terra-Peregrini-Rahasya.entitlements */ = {isa = PBXFileReference; lastKnownFileType = text.plist.entitlements; path = "Terra-Peregrini-Rahasya.entitlements"; sourceTree = "<group>"; };
		7BC3546B2C2C031B0050EB72 /* HomeService+Delegate.swift */ = {isa = PBXFileReference; lastKnownFileType = sourcecode.swift; path = "HomeService+Delegate.swift"; sourceTree = "<group>"; };
		D84F10D62C27E52C00D8AAB9 /* Terra-Peregrini-Rahasya.app */ = {isa = PBXFileReference; explicitFileType = wrapper.application; includeInIndex = 0; path = "Terra-Peregrini-Rahasya.app"; sourceTree = BUILT_PRODUCTS_DIR; };
		D84F10D92C27E52C00D8AAB9 /* Terra_Peregrini_RahasyaApp.swift */ = {isa = PBXFileReference; lastKnownFileType = sourcecode.swift; path = Terra_Peregrini_RahasyaApp.swift; sourceTree = "<group>"; };
		D84F10DD2C27E52D00D8AAB9 /* Assets.xcassets */ = {isa = PBXFileReference; lastKnownFileType = folder.assetcatalog; path = Assets.xcassets; sourceTree = "<group>"; };
		D84F10E02C27E52D00D8AAB9 /* Preview Assets.xcassets */ = {isa = PBXFileReference; lastKnownFileType = folder.assetcatalog; path = "Preview Assets.xcassets"; sourceTree = "<group>"; };
		D84F10EB2C27F39700D8AAB9 /* SplashView.swift */ = {isa = PBXFileReference; lastKnownFileType = sourcecode.swift; path = SplashView.swift; sourceTree = "<group>"; };
/* End PBXFileReference section */

/* Begin PBXFrameworksBuildPhase section */
		D84F10D32C27E52C00D8AAB9 /* Frameworks */ = {
			isa = PBXFrameworksBuildPhase;
			buildActionMask = 2147483647;
			files = (
			);
			runOnlyForDeploymentPostprocessing = 0;
		};
/* End PBXFrameworksBuildPhase section */

/* Begin PBXGroup section */
		7BC354582C2BF0420050EB72 /* Router */ = {
			isa = PBXGroup;
			children = (
				7BC354592C2BF0500050EB72 /* Router.swift */,
			);
			path = Router;
			sourceTree = "<group>";
		};
		7BC3545D2C2BF1D90050EB72 /* Onboard */ = {
			isa = PBXGroup;
			children = (
				7BC3545E2C2BF22A0050EB72 /* OnboardView.swift */,
			);
			path = Onboard;
			sourceTree = "<group>";
		};
		7BC354602C2BF39E0050EB72 /* Helper */ = {
			isa = PBXGroup;
			children = (
				7BC354612C2BF3A90050EB72 /* Extensions */,
			);
			path = Helper;
			sourceTree = "<group>";
		};
		7BC354612C2BF3A90050EB72 /* Extensions */ = {
			isa = PBXGroup;
			children = (
				7BC354622C2BF3B80050EB72 /* Image.swift */,
				7BC354642C2BF54D0050EB72 /* Color.swift */,
			);
			path = Extensions;
			sourceTree = "<group>";
		};
		7BC354662C2BF7260050EB72 /* Service */ = {
			isa = PBXGroup;
			children = (
				7BC354732C2C1EB30050EB72 /* Torch */,
				7BC354722C2C1E9F0050EB72 /* AVFoundation */,
				7BC354712C2C1E900050EB72 /* Camera */,
				7BC3546F2C2C1E7F0050EB72 /* CoreMotion */,
				7BC3546E2C2C1E740050EB72 /* NearbyInteraction */,
				7BC3546D2C2C1E680050EB72 /* MultiPeerConnectivity */,
				7BC354672C2BF73E0050EB72 /* HomeKit */,
			);
			path = Service;
			sourceTree = "<group>";
		};
		7BC354672C2BF73E0050EB72 /* HomeKit */ = {
			isa = PBXGroup;
			children = (
				7BC354682C2BF74A0050EB72 /* HomeService.swift */,
				7BC3546B2C2C031B0050EB72 /* HomeService+Delegate.swift */,
			);
			path = HomeKit;
			sourceTree = "<group>";
		};
		7BC3546D2C2C1E680050EB72 /* MultiPeerConnectivity */ = {
			isa = PBXGroup;
			children = (
			);
			path = MultiPeerConnectivity;
			sourceTree = "<group>";
		};
		7BC3546E2C2C1E740050EB72 /* NearbyInteraction */ = {
			isa = PBXGroup;
			children = (
			);
			path = NearbyInteraction;
			sourceTree = "<group>";
		};
		7BC3546F2C2C1E7F0050EB72 /* CoreMotion */ = {
			isa = PBXGroup;
			children = (
			);
			path = CoreMotion;
			sourceTree = "<group>";
		};
		7BC354712C2C1E900050EB72 /* Camera */ = {
			isa = PBXGroup;
			children = (
			);
			path = Camera;
			sourceTree = "<group>";
		};
		7BC354722C2C1E9F0050EB72 /* AVFoundation */ = {
			isa = PBXGroup;
			children = (
			);
			path = AVFoundation;
			sourceTree = "<group>";
		};
		7BC354732C2C1EB30050EB72 /* Torch */ = {
			isa = PBXGroup;
			children = (
			);
			path = Torch;
			sourceTree = "<group>";
		};
		D84F10CD2C27E52C00D8AAB9 = {
			isa = PBXGroup;
			children = (
				D84F10D82C27E52C00D8AAB9 /* Terra-Peregrini-Rahasya */,
				D84F10D72C27E52C00D8AAB9 /* Products */,
			);
			sourceTree = "<group>";
		};
		D84F10D72C27E52C00D8AAB9 /* Products */ = {
			isa = PBXGroup;
			children = (
				D84F10D62C27E52C00D8AAB9 /* Terra-Peregrini-Rahasya.app */,
			);
			name = Products;
			sourceTree = "<group>";
		};
		D84F10D82C27E52C00D8AAB9 /* Terra-Peregrini-Rahasya */ = {
			isa = PBXGroup;
			children = (
				7BC3546A2C2BF83C0050EB72 /* Terra-Peregrini-Rahasya.entitlements */,
				7BC354662C2BF7260050EB72 /* Service */,
				7BC354602C2BF39E0050EB72 /* Helper */,
				7BC354582C2BF0420050EB72 /* Router */,
				D84F10E72C27F34000D8AAB9 /* Feature */,
				D84F10D92C27E52C00D8AAB9 /* Terra_Peregrini_RahasyaApp.swift */,
				D84F10DD2C27E52D00D8AAB9 /* Assets.xcassets */,
				D84F10DF2C27E52D00D8AAB9 /* Preview Content */,
			);
			path = "Terra-Peregrini-Rahasya";
			sourceTree = "<group>";
		};
		D84F10DF2C27E52D00D8AAB9 /* Preview Content */ = {
			isa = PBXGroup;
			children = (
				D84F10E02C27E52D00D8AAB9 /* Preview Assets.xcassets */,
			);
			path = "Preview Content";
			sourceTree = "<group>";
		};
		D84F10E72C27F34000D8AAB9 /* Feature */ = {
			isa = PBXGroup;
			children = (
				7BC3545D2C2BF1D90050EB72 /* Onboard */,
				D84F10E92C27F36100D8AAB9 /* Splash */,
			);
			path = Feature;
			sourceTree = "<group>";
		};
		D84F10E92C27F36100D8AAB9 /* Splash */ = {
			isa = PBXGroup;
			children = (
				D84F10EB2C27F39700D8AAB9 /* SplashView.swift */,
			);
			path = Splash;
			sourceTree = "<group>";
		};
/* End PBXGroup section */

/* Begin PBXNativeTarget section */
		D84F10D52C27E52C00D8AAB9 /* Terra-Peregrini-Rahasya */ = {
			isa = PBXNativeTarget;
			buildConfigurationList = D84F10E42C27E52D00D8AAB9 /* Build configuration list for PBXNativeTarget "Terra-Peregrini-Rahasya" */;
			buildPhases = (
				D84F10D22C27E52C00D8AAB9 /* Sources */,
				D84F10D32C27E52C00D8AAB9 /* Frameworks */,
				D84F10D42C27E52C00D8AAB9 /* Resources */,
			);
			buildRules = (
			);
			dependencies = (
			);
			name = "Terra-Peregrini-Rahasya";
			productName = "Terra-Peregrini-Rahasya";
			productReference = D84F10D62C27E52C00D8AAB9 /* Terra-Peregrini-Rahasya.app */;
			productType = "com.apple.product-type.application";
		};
/* End PBXNativeTarget section */

/* Begin PBXProject section */
		D84F10CE2C27E52C00D8AAB9 /* Project object */ = {
			isa = PBXProject;
			attributes = {
				BuildIndependentTargetsInParallel = 1;
				LastSwiftUpdateCheck = 1540;
				LastUpgradeCheck = 1540;
				TargetAttributes = {
					D84F10D52C27E52C00D8AAB9 = {
						CreatedOnToolsVersion = 15.4;
					};
				};
			};
			buildConfigurationList = D84F10D12C27E52C00D8AAB9 /* Build configuration list for PBXProject "Terra-Peregrini-Rahasya" */;
			compatibilityVersion = "Xcode 14.0";
			developmentRegion = en;
			hasScannedForEncodings = 0;
			knownRegions = (
				en,
				Base,
			);
			mainGroup = D84F10CD2C27E52C00D8AAB9;
			productRefGroup = D84F10D72C27E52C00D8AAB9 /* Products */;
			projectDirPath = "";
			projectRoot = "";
			targets = (
				D84F10D52C27E52C00D8AAB9 /* Terra-Peregrini-Rahasya */,
			);
		};
/* End PBXProject section */

/* Begin PBXResourcesBuildPhase section */
		D84F10D42C27E52C00D8AAB9 /* Resources */ = {
			isa = PBXResourcesBuildPhase;
			buildActionMask = 2147483647;
			files = (
				D84F10E12C27E52D00D8AAB9 /* Preview Assets.xcassets in Resources */,
				D84F10DE2C27E52D00D8AAB9 /* Assets.xcassets in Resources */,
			);
			runOnlyForDeploymentPostprocessing = 0;
		};
/* End PBXResourcesBuildPhase section */

/* Begin PBXSourcesBuildPhase section */
		D84F10D22C27E52C00D8AAB9 /* Sources */ = {
			isa = PBXSourcesBuildPhase;
			buildActionMask = 2147483647;
			files = (
				7BC3545F2C2BF22A0050EB72 /* OnboardView.swift in Sources */,
				D84F10DA2C27E52C00D8AAB9 /* Terra_Peregrini_RahasyaApp.swift in Sources */,
				7BC3545A2C2BF0500050EB72 /* Router.swift in Sources */,
				7BC354692C2BF74A0050EB72 /* HomeService.swift in Sources */,
				D84F10EC2C27F39700D8AAB9 /* SplashView.swift in Sources */,
				7BC3546C2C2C031B0050EB72 /* HomeService+Delegate.swift in Sources */,
				7BC354632C2BF3B80050EB72 /* Image.swift in Sources */,
				7BC354652C2BF54D0050EB72 /* Color.swift in Sources */,
			);
			runOnlyForDeploymentPostprocessing = 0;
		};
/* End PBXSourcesBuildPhase section */

/* Begin XCBuildConfiguration section */
		D84F10E22C27E52D00D8AAB9 /* Debug */ = {
			isa = XCBuildConfiguration;
			buildSettings = {
				ALWAYS_SEARCH_USER_PATHS = NO;
				ASSETCATALOG_COMPILER_GENERATE_SWIFT_ASSET_SYMBOL_EXTENSIONS = YES;
				CLANG_ANALYZER_NONNULL = YES;
				CLANG_ANALYZER_NUMBER_OBJECT_CONVERSION = YES_AGGRESSIVE;
				CLANG_CXX_LANGUAGE_STANDARD = "gnu++20";
				CLANG_ENABLE_MODULES = YES;
				CLANG_ENABLE_OBJC_ARC = YES;
				CLANG_ENABLE_OBJC_WEAK = YES;
				CLANG_WARN_BLOCK_CAPTURE_AUTORELEASING = YES;
				CLANG_WARN_BOOL_CONVERSION = YES;
				CLANG_WARN_COMMA = YES;
				CLANG_WARN_CONSTANT_CONVERSION = YES;
				CLANG_WARN_DEPRECATED_OBJC_IMPLEMENTATIONS = YES;
				CLANG_WARN_DIRECT_OBJC_ISA_USAGE = YES_ERROR;
				CLANG_WARN_DOCUMENTATION_COMMENTS = YES;
				CLANG_WARN_EMPTY_BODY = YES;
				CLANG_WARN_ENUM_CONVERSION = YES;
				CLANG_WARN_INFINITE_RECURSION = YES;
				CLANG_WARN_INT_CONVERSION = YES;
				CLANG_WARN_NON_LITERAL_NULL_CONVERSION = YES;
				CLANG_WARN_OBJC_IMPLICIT_RETAIN_SELF = YES;
				CLANG_WARN_OBJC_LITERAL_CONVERSION = YES;
				CLANG_WARN_OBJC_ROOT_CLASS = YES_ERROR;
				CLANG_WARN_QUOTED_INCLUDE_IN_FRAMEWORK_HEADER = YES;
				CLANG_WARN_RANGE_LOOP_ANALYSIS = YES;
				CLANG_WARN_STRICT_PROTOTYPES = YES;
				CLANG_WARN_SUSPICIOUS_MOVE = YES;
				CLANG_WARN_UNGUARDED_AVAILABILITY = YES_AGGRESSIVE;
				CLANG_WARN_UNREACHABLE_CODE = YES;
				CLANG_WARN__DUPLICATE_METHOD_MATCH = YES;
				COPY_PHASE_STRIP = NO;
				DEBUG_INFORMATION_FORMAT = dwarf;
				ENABLE_STRICT_OBJC_MSGSEND = YES;
				ENABLE_TESTABILITY = YES;
				ENABLE_USER_SCRIPT_SANDBOXING = YES;
				GCC_C_LANGUAGE_STANDARD = gnu17;
				GCC_DYNAMIC_NO_PIC = NO;
				GCC_NO_COMMON_BLOCKS = YES;
				GCC_OPTIMIZATION_LEVEL = 0;
				GCC_PREPROCESSOR_DEFINITIONS = (
					"DEBUG=1",
					"$(inherited)",
				);
				GCC_WARN_64_TO_32_BIT_CONVERSION = YES;
				GCC_WARN_ABOUT_RETURN_TYPE = YES_ERROR;
				GCC_WARN_UNDECLARED_SELECTOR = YES;
				GCC_WARN_UNINITIALIZED_AUTOS = YES_AGGRESSIVE;
				GCC_WARN_UNUSED_FUNCTION = YES;
				GCC_WARN_UNUSED_VARIABLE = YES;
				IPHONEOS_DEPLOYMENT_TARGET = 17.5;
				LOCALIZATION_PREFERS_STRING_CATALOGS = YES;
				MTL_ENABLE_DEBUG_INFO = INCLUDE_SOURCE;
				MTL_FAST_MATH = YES;
				ONLY_ACTIVE_ARCH = YES;
				SDKROOT = iphoneos;
				SWIFT_ACTIVE_COMPILATION_CONDITIONS = "DEBUG $(inherited)";
				SWIFT_OPTIMIZATION_LEVEL = "-Onone";
			};
			name = Debug;
		};
		D84F10E32C27E52D00D8AAB9 /* Release */ = {
			isa = XCBuildConfiguration;
			buildSettings = {
				ALWAYS_SEARCH_USER_PATHS = NO;
				ASSETCATALOG_COMPILER_GENERATE_SWIFT_ASSET_SYMBOL_EXTENSIONS = YES;
				CLANG_ANALYZER_NONNULL = YES;
				CLANG_ANALYZER_NUMBER_OBJECT_CONVERSION = YES_AGGRESSIVE;
				CLANG_CXX_LANGUAGE_STANDARD = "gnu++20";
				CLANG_ENABLE_MODULES = YES;
				CLANG_ENABLE_OBJC_ARC = YES;
				CLANG_ENABLE_OBJC_WEAK = YES;
				CLANG_WARN_BLOCK_CAPTURE_AUTORELEASING = YES;
				CLANG_WARN_BOOL_CONVERSION = YES;
				CLANG_WARN_COMMA = YES;
				CLANG_WARN_CONSTANT_CONVERSION = YES;
				CLANG_WARN_DEPRECATED_OBJC_IMPLEMENTATIONS = YES;
				CLANG_WARN_DIRECT_OBJC_ISA_USAGE = YES_ERROR;
				CLANG_WARN_DOCUMENTATION_COMMENTS = YES;
				CLANG_WARN_EMPTY_BODY = YES;
				CLANG_WARN_ENUM_CONVERSION = YES;
				CLANG_WARN_INFINITE_RECURSION = YES;
				CLANG_WARN_INT_CONVERSION = YES;
				CLANG_WARN_NON_LITERAL_NULL_CONVERSION = YES;
				CLANG_WARN_OBJC_IMPLICIT_RETAIN_SELF = YES;
				CLANG_WARN_OBJC_LITERAL_CONVERSION = YES;
				CLANG_WARN_OBJC_ROOT_CLASS = YES_ERROR;
				CLANG_WARN_QUOTED_INCLUDE_IN_FRAMEWORK_HEADER = YES;
				CLANG_WARN_RANGE_LOOP_ANALYSIS = YES;
				CLANG_WARN_STRICT_PROTOTYPES = YES;
				CLANG_WARN_SUSPICIOUS_MOVE = YES;
				CLANG_WARN_UNGUARDED_AVAILABILITY = YES_AGGRESSIVE;
				CLANG_WARN_UNREACHABLE_CODE = YES;
				CLANG_WARN__DUPLICATE_METHOD_MATCH = YES;
				COPY_PHASE_STRIP = NO;
				DEBUG_INFORMATION_FORMAT = "dwarf-with-dsym";
				ENABLE_NS_ASSERTIONS = NO;
				ENABLE_STRICT_OBJC_MSGSEND = YES;
				ENABLE_USER_SCRIPT_SANDBOXING = YES;
				GCC_C_LANGUAGE_STANDARD = gnu17;
				GCC_NO_COMMON_BLOCKS = YES;
				GCC_WARN_64_TO_32_BIT_CONVERSION = YES;
				GCC_WARN_ABOUT_RETURN_TYPE = YES_ERROR;
				GCC_WARN_UNDECLARED_SELECTOR = YES;
				GCC_WARN_UNINITIALIZED_AUTOS = YES_AGGRESSIVE;
				GCC_WARN_UNUSED_FUNCTION = YES;
				GCC_WARN_UNUSED_VARIABLE = YES;
				IPHONEOS_DEPLOYMENT_TARGET = 17.5;
				LOCALIZATION_PREFERS_STRING_CATALOGS = YES;
				MTL_ENABLE_DEBUG_INFO = NO;
				MTL_FAST_MATH = YES;
				SDKROOT = iphoneos;
				SWIFT_COMPILATION_MODE = wholemodule;
				VALIDATE_PRODUCT = YES;
			};
			name = Release;
		};
		D84F10E52C27E52D00D8AAB9 /* Debug */ = {
			isa = XCBuildConfiguration;
			buildSettings = {
				ASSETCATALOG_COMPILER_APPICON_NAME = AppIcon;
				ASSETCATALOG_COMPILER_GLOBAL_ACCENT_COLOR_NAME = AccentColor;
				CODE_SIGN_ENTITLEMENTS = "Terra-Peregrini-Rahasya/Terra-Peregrini-Rahasya.entitlements";
				CODE_SIGN_STYLE = Automatic;
				CURRENT_PROJECT_VERSION = 1;
				DEVELOPMENT_ASSET_PATHS = "\"Terra-Peregrini-Rahasya/Preview Content\"";
				DEVELOPMENT_TEAM = 4GHAAG6R5U;
				ENABLE_PREVIEWS = YES;
				GENERATE_INFOPLIST_FILE = YES;
				INFOPLIST_KEY_CFBundleDisplayName = "Terra-Peregrini-Rahasya";
				INFOPLIST_KEY_LSApplicationCategoryType = "public.app-category.puzzle-games";
				INFOPLIST_KEY_NSHomeKitUsageDescription = "Configure accessories for immersive experience";
				INFOPLIST_KEY_UIApplicationSceneManifest_Generation = YES;
				INFOPLIST_KEY_UIApplicationSupportsIndirectInputEvents = YES;
				INFOPLIST_KEY_UILaunchScreen_Generation = YES;
				INFOPLIST_KEY_UISupportedInterfaceOrientations_iPad = "UIInterfaceOrientationPortrait UIInterfaceOrientationPortraitUpsideDown UIInterfaceOrientationLandscapeLeft UIInterfaceOrientationLandscapeRight";
				INFOPLIST_KEY_UISupportedInterfaceOrientations_iPhone = "UIInterfaceOrientationPortrait UIInterfaceOrientationLandscapeLeft UIInterfaceOrientationLandscapeRight";
				LD_RUNPATH_SEARCH_PATHS = (
					"$(inherited)",
					"@executable_path/Frameworks",
				);
				MARKETING_VERSION = 1.0;
				PRODUCT_BUNDLE_IDENTIFIER = ".com.domainname.Terra-Peregrini-Rahasya";
				PRODUCT_NAME = "$(TARGET_NAME)";
				SUPPORTED_PLATFORMS = "iphoneos iphonesimulator";
				SUPPORTS_MACCATALYST = NO;
				SUPPORTS_MAC_DESIGNED_FOR_IPHONE_IPAD = NO;
				SUPPORTS_XR_DESIGNED_FOR_IPHONE_IPAD = NO;
				SWIFT_EMIT_LOC_STRINGS = YES;
				SWIFT_VERSION = 5.0;
				TARGETED_DEVICE_FAMILY = 1;
			};
			name = Debug;
		};
		D84F10E62C27E52D00D8AAB9 /* Release */ = {
			isa = XCBuildConfiguration;
			buildSettings = {
				ASSETCATALOG_COMPILER_APPICON_NAME = AppIcon;
				ASSETCATALOG_COMPILER_GLOBAL_ACCENT_COLOR_NAME = AccentColor;
				CODE_SIGN_ENTITLEMENTS = "Terra-Peregrini-Rahasya/Terra-Peregrini-Rahasya.entitlements";
				CODE_SIGN_STYLE = Automatic;
				CURRENT_PROJECT_VERSION = 1;
				DEVELOPMENT_ASSET_PATHS = "\"Terra-Peregrini-Rahasya/Preview Content\"";
				DEVELOPMENT_TEAM = 4GHAAG6R5U;
				ENABLE_PREVIEWS = YES;
				GENERATE_INFOPLIST_FILE = YES;
				INFOPLIST_KEY_CFBundleDisplayName = "Terra-Peregrini-Rahasya";
				INFOPLIST_KEY_LSApplicationCategoryType = "public.app-category.puzzle-games";
				INFOPLIST_KEY_NSHomeKitUsageDescription = "Configure accessories for immersive experience";
				INFOPLIST_KEY_UIApplicationSceneManifest_Generation = YES;
				INFOPLIST_KEY_UIApplicationSupportsIndirectInputEvents = YES;
				INFOPLIST_KEY_UILaunchScreen_Generation = YES;
				INFOPLIST_KEY_UISupportedInterfaceOrientations_iPad = "UIInterfaceOrientationPortrait UIInterfaceOrientationPortraitUpsideDown UIInterfaceOrientationLandscapeLeft UIInterfaceOrientationLandscapeRight";
				INFOPLIST_KEY_UISupportedInterfaceOrientations_iPhone = "UIInterfaceOrientationPortrait UIInterfaceOrientationLandscapeLeft UIInterfaceOrientationLandscapeRight";
				LD_RUNPATH_SEARCH_PATHS = (
					"$(inherited)",
					"@executable_path/Frameworks",
				);
				MARKETING_VERSION = 1.0;
				PRODUCT_BUNDLE_IDENTIFIER = ".com.domainname.Terra-Peregrini-Rahasya";
				PRODUCT_NAME = "$(TARGET_NAME)";
				SUPPORTED_PLATFORMS = "iphoneos iphonesimulator";
				SUPPORTS_MACCATALYST = NO;
				SUPPORTS_MAC_DESIGNED_FOR_IPHONE_IPAD = NO;
				SUPPORTS_XR_DESIGNED_FOR_IPHONE_IPAD = NO;
				SWIFT_EMIT_LOC_STRINGS = YES;
				SWIFT_VERSION = 5.0;
				TARGETED_DEVICE_FAMILY = 1;
			};
			name = Release;
		};
/* End XCBuildConfiguration section */

/* Begin XCConfigurationList section */
		D84F10D12C27E52C00D8AAB9 /* Build configuration list for PBXProject "Terra-Peregrini-Rahasya" */ = {
			isa = XCConfigurationList;
			buildConfigurations = (
				D84F10E22C27E52D00D8AAB9 /* Debug */,
				D84F10E32C27E52D00D8AAB9 /* Release */,
			);
			defaultConfigurationIsVisible = 0;
			defaultConfigurationName = Release;
		};
		D84F10E42C27E52D00D8AAB9 /* Build configuration list for PBXNativeTarget "Terra-Peregrini-Rahasya" */ = {
			isa = XCConfigurationList;
			buildConfigurations = (
				D84F10E52C27E52D00D8AAB9 /* Debug */,
				D84F10E62C27E52D00D8AAB9 /* Release */,
			);
			defaultConfigurationIsVisible = 0;
			defaultConfigurationName = Release;
		};
/* End XCConfigurationList section */
	};
	rootObject = D84F10CE2C27E52C00D8AAB9 /* Project object */;
}
